// !$*UTF8*$!
{
	archiveVersion = 1;
	classes = {
	};
	objectVersion = 46;
	objects = {

/* Begin PBXBuildFile section */
		17A66E941EA6EBFF00BBB811 /* main.m in Sources */ = {isa = PBXBuildFile; fileRef = 17A66E931EA6EBFF00BBB811 /* main.m */; };
		17A66E971EA6EBFF00BBB811 /* AppDelegate.m in Sources */ = {isa = PBXBuildFile; fileRef = 17A66E961EA6EBFF00BBB811 /* AppDelegate.m */; };
		17A66E9A1EA6EBFF00BBB811 /* ViewController.m in Sources */ = {isa = PBXBuildFile; fileRef = 17A66E991EA6EBFF00BBB811 /* ViewController.m */; };
		17A66E9D1EA6EBFF00BBB811 /* Main.storyboard in Resources */ = {isa = PBXBuildFile; fileRef = 17A66E9B1EA6EBFF00BBB811 /* Main.storyboard */; };
		17A66E9F1EA6EBFF00BBB811 /* Assets.xcassets in Resources */ = {isa = PBXBuildFile; fileRef = 17A66E9E1EA6EBFF00BBB811 /* Assets.xcassets */; };
		17A66EA21EA6EBFF00BBB811 /* LaunchScreen.storyboard in Resources */ = {isa = PBXBuildFile; fileRef = 17A66EA01EA6EBFF00BBB811 /* LaunchScreen.storyboard */; };
		17A66EAD1EA6EC0000BBB811 /* zidonghuadabaoTests.m in Sources */ = {isa = PBXBuildFile; fileRef = 17A66EAC1EA6EC0000BBB811 /* zidonghuadabaoTests.m */; };
		17A66EB81EA6EC0000BBB811 /* zidonghuadabaoUITests.m in Sources */ = {isa = PBXBuildFile; fileRef = 17A66EB71EA6EC0000BBB811 /* zidonghuadabaoUITests.m */; };
/* End PBXBuildFile section */

/* Begin PBXContainerItemProxy section */
		17A66EA91EA6EC0000BBB811 /* PBXContainerItemProxy */ = {
			isa = PBXContainerItemProxy;
			containerPortal = 17A66E871EA6EBFF00BBB811 /* Project object */;
			proxyType = 1;
			remoteGlobalIDString = 17A66E8E1EA6EBFF00BBB811;
			remoteInfo = zidonghuadabao;
		};
		17A66EB41EA6EC0000BBB811 /* PBXContainerItemProxy */ = {
			isa = PBXContainerItemProxy;
			containerPortal = 17A66E871EA6EBFF00BBB811 /* Project object */;
			proxyType = 1;
			remoteGlobalIDString = 17A66E8E1EA6EBFF00BBB811;
			remoteInfo = zidonghuadabao;
		};
/* End PBXContainerItemProxy section */

/* Begin PBXFileReference section */
		17A66E8F1EA6EBFF00BBB811 /* zidonghuadabao.app */ = {isa = PBXFileReference; explicitFileType = wrapper.application; includeInIndex = 0; path = zidonghuadabao.app; sourceTree = BUILT_PRODUCTS_DIR; };
		17A66E931EA6EBFF00BBB811 /* main.m */ = {isa = PBXFileReference; lastKnownFileType = sourcecode.c.objc; path = main.m; sourceTree = "<group>"; };
		17A66E951EA6EBFF00BBB811 /* AppDelegate.h */ = {isa = PBXFileReference; lastKnownFileType = sourcecode.c.h; path = AppDelegate.h; sourceTree = "<group>"; };
		17A66E961EA6EBFF00BBB811 /* AppDelegate.m */ = {isa = PBXFileReference; lastKnownFileType = sourcecode.c.objc; path = AppDelegate.m; sourceTree = "<group>"; };
		17A66E981EA6EBFF00BBB811 /* ViewController.h */ = {isa = PBXFileReference; lastKnownFileType = sourcecode.c.h; path = ViewController.h; sourceTree = "<group>"; };
		17A66E991EA6EBFF00BBB811 /* ViewController.m */ = {isa = PBXFileReference; lastKnownFileType = sourcecode.c.objc; path = ViewController.m; sourceTree = "<group>"; };
		17A66E9C1EA6EBFF00BBB811 /* Base */ = {isa = PBXFileReference; lastKnownFileType = file.storyboard; name = Base; path = Base.lproj/Main.storyboard; sourceTree = "<group>"; };
		17A66E9E1EA6EBFF00BBB811 /* Assets.xcassets */ = {isa = PBXFileReference; lastKnownFileType = folder.assetcatalog; path = Assets.xcassets; sourceTree = "<group>"; };
		17A66EA11EA6EBFF00BBB811 /* Base */ = {isa = PBXFileReference; lastKnownFileType = file.storyboard; name = Base; path = Base.lproj/LaunchScreen.storyboard; sourceTree = "<group>"; };
		17A66EA31EA6EBFF00BBB811 /* Info.plist */ = {isa = PBXFileReference; lastKnownFileType = text.plist.xml; path = Info.plist; sourceTree = "<group>"; };
		17A66EA81EA6EC0000BBB811 /* zidonghuadabaoTests.xctest */ = {isa = PBXFileReference; explicitFileType = wrapper.cfbundle; includeInIndex = 0; path = zidonghuadabaoTests.xctest; sourceTree = BUILT_PRODUCTS_DIR; };
		17A66EAC1EA6EC0000BBB811 /* zidonghuadabaoTests.m */ = {isa = PBXFileReference; lastKnownFileType = sourcecode.c.objc; path = zidonghuadabaoTests.m; sourceTree = "<group>"; };
		17A66EAE1EA6EC0000BBB811 /* Info.plist */ = {isa = PBXFileReference; lastKnownFileType = text.plist.xml; path = Info.plist; sourceTree = "<group>"; };
		17A66EB31EA6EC0000BBB811 /* zidonghuadabaoUITests.xctest */ = {isa = PBXFileReference; explicitFileType = wrapper.cfbundle; includeInIndex = 0; path = zidonghuadabaoUITests.xctest; sourceTree = BUILT_PRODUCTS_DIR; };
		17A66EB71EA6EC0000BBB811 /* zidonghuadabaoUITests.m */ = {isa = PBXFileReference; lastKnownFileType = sourcecode.c.objc; path = zidonghuadabaoUITests.m; sourceTree = "<group>"; };
		17A66EB91EA6EC0000BBB811 /* Info.plist */ = {isa = PBXFileReference; lastKnownFileType = text.plist.xml; path = Info.plist; sourceTree = "<group>"; };
/* End PBXFileReference section */

/* Begin PBXFrameworksBuildPhase section */
		17A66E8C1EA6EBFF00BBB811 /* Frameworks */ = {
			isa = PBXFrameworksBuildPhase;
			buildActionMask = 2147483647;
			files = (
			);
			runOnlyForDeploymentPostprocessing = 0;
		};
		17A66EA51EA6EC0000BBB811 /* Frameworks */ = {
			isa = PBXFrameworksBuildPhase;
			buildActionMask = 2147483647;
			files = (
			);
			runOnlyForDeploymentPostprocessing = 0;
		};
		17A66EB01EA6EC0000BBB811 /* Frameworks */ = {
			isa = PBXFrameworksBuildPhase;
			buildActionMask = 2147483647;
			files = (
			);
			runOnlyForDeploymentPostprocessing = 0;
		};
/* End PBXFrameworksBuildPhase section */

/* Begin PBXGroup section */
		17A66E861EA6EBFF00BBB811 = {
			isa = PBXGroup;
			children = (
				17A66E911EA6EBFF00BBB811 /* zidonghuadabao */,
				17A66EAB1EA6EC0000BBB811 /* zidonghuadabaoTests */,
				17A66EB61EA6EC0000BBB811 /* zidonghuadabaoUITests */,
				17A66E901EA6EBFF00BBB811 /* Products */,
			);
			sourceTree = "<group>";
		};
		17A66E901EA6EBFF00BBB811 /* Products */ = {
			isa = PBXGroup;
			children = (
				17A66E8F1EA6EBFF00BBB811 /* zidonghuadabao.app */,
				17A66EA81EA6EC0000BBB811 /* zidonghuadabaoTests.xctest */,
				17A66EB31EA6EC0000BBB811 /* zidonghuadabaoUITests.xctest */,
			);
			name = Products;
			sourceTree = "<group>";
		};
		17A66E911EA6EBFF00BBB811 /* zidonghuadabao */ = {
			isa = PBXGroup;
			children = (
				17A66E951EA6EBFF00BBB811 /* AppDelegate.h */,
				17A66E961EA6EBFF00BBB811 /* AppDelegate.m */,
				17A66E981EA6EBFF00BBB811 /* ViewController.h */,
				17A66E991EA6EBFF00BBB811 /* ViewController.m */,
				17A66E9B1EA6EBFF00BBB811 /* Main.storyboard */,
				17A66E9E1EA6EBFF00BBB811 /* Assets.xcassets */,
				17A66EA01EA6EBFF00BBB811 /* LaunchScreen.storyboard */,
				17A66EA31EA6EBFF00BBB811 /* Info.plist */,
				17A66E921EA6EBFF00BBB811 /* Supporting Files */,
			);
			path = zidonghuadabao;
			sourceTree = "<group>";
		};
		17A66E921EA6EBFF00BBB811 /* Supporting Files */ = {
			isa = PBXGroup;
			children = (
				17A66E931EA6EBFF00BBB811 /* main.m */,
			);
			name = "Supporting Files";
			sourceTree = "<group>";
		};
		17A66EAB1EA6EC0000BBB811 /* zidonghuadabaoTests */ = {
			isa = PBXGroup;
			children = (
				17A66EAC1EA6EC0000BBB811 /* zidonghuadabaoTests.m */,
				17A66EAE1EA6EC0000BBB811 /* Info.plist */,
			);
			path = zidonghuadabaoTests;
			sourceTree = "<group>";
		};
		17A66EB61EA6EC0000BBB811 /* zidonghuadabaoUITests */ = {
			isa = PBXGroup;
			children = (
				17A66EB71EA6EC0000BBB811 /* zidonghuadabaoUITests.m */,
				17A66EB91EA6EC0000BBB811 /* Info.plist */,
			);
			path = zidonghuadabaoUITests;
			sourceTree = "<group>";
		};
/* End PBXGroup section */

/* Begin PBXNativeTarget section */
		17A66E8E1EA6EBFF00BBB811 /* zidonghuadabao */ = {
			isa = PBXNativeTarget;
			buildConfigurationList = 17A66EBC1EA6EC0000BBB811 /* Build configuration list for PBXNativeTarget "zidonghuadabao" */;
			buildPhases = (
				17A66E8B1EA6EBFF00BBB811 /* Sources */,
				17A66E8C1EA6EBFF00BBB811 /* Frameworks */,
				17A66E8D1EA6EBFF00BBB811 /* Resources */,
			);
			buildRules = (
			);
			dependencies = (
			);
			name = zidonghuadabao;
			productName = zidonghuadabao;
			productReference = 17A66E8F1EA6EBFF00BBB811 /* zidonghuadabao.app */;
			productType = "com.apple.product-type.application";
		};
		17A66EA71EA6EC0000BBB811 /* zidonghuadabaoTests */ = {
			isa = PBXNativeTarget;
			buildConfigurationList = 17A66EBF1EA6EC0000BBB811 /* Build configuration list for PBXNativeTarget "zidonghuadabaoTests" */;
			buildPhases = (
				17A66EA41EA6EC0000BBB811 /* Sources */,
				17A66EA51EA6EC0000BBB811 /* Frameworks */,
				17A66EA61EA6EC0000BBB811 /* Resources */,
			);
			buildRules = (
			);
			dependencies = (
				17A66EAA1EA6EC0000BBB811 /* PBXTargetDependency */,
			);
			name = zidonghuadabaoTests;
			productName = zidonghuadabaoTests;
			productReference = 17A66EA81EA6EC0000BBB811 /* zidonghuadabaoTests.xctest */;
			productType = "com.apple.product-type.bundle.unit-test";
		};
		17A66EB21EA6EC0000BBB811 /* zidonghuadabaoUITests */ = {
			isa = PBXNativeTarget;
			buildConfigurationList = 17A66EC21EA6EC0000BBB811 /* Build configuration list for PBXNativeTarget "zidonghuadabaoUITests" */;
			buildPhases = (
				17A66EAF1EA6EC0000BBB811 /* Sources */,
				17A66EB01EA6EC0000BBB811 /* Frameworks */,
				17A66EB11EA6EC0000BBB811 /* Resources */,
			);
			buildRules = (
			);
			dependencies = (
				17A66EB51EA6EC0000BBB811 /* PBXTargetDependency */,
			);
			name = zidonghuadabaoUITests;
			productName = zidonghuadabaoUITests;
			productReference = 17A66EB31EA6EC0000BBB811 /* zidonghuadabaoUITests.xctest */;
			productType = "com.apple.product-type.bundle.ui-testing";
		};
/* End PBXNativeTarget section */

/* Begin PBXProject section */
		17A66E871EA6EBFF00BBB811 /* Project object */ = {
			isa = PBXProject;
			attributes = {
				LastUpgradeCheck = 0830;
				ORGANIZATIONNAME = sumpay;
				TargetAttributes = {
					17A66E8E1EA6EBFF00BBB811 = {
						CreatedOnToolsVersion = 8.3.1;
						DevelopmentTeam = 56JAM34B5U;
						ProvisioningStyle = Manual;
					};
					17A66EA71EA6EC0000BBB811 = {
						CreatedOnToolsVersion = 8.3.1;
						ProvisioningStyle = Automatic;
						TestTargetID = 17A66E8E1EA6EBFF00BBB811;
					};
					17A66EB21EA6EC0000BBB811 = {
						CreatedOnToolsVersion = 8.3.1;
						ProvisioningStyle = Automatic;
						TestTargetID = 17A66E8E1EA6EBFF00BBB811;
					};
				};
			};
			buildConfigurationList = 17A66E8A1EA6EBFF00BBB811 /* Build configuration list for PBXProject "zidonghuadabao" */;
			compatibilityVersion = "Xcode 3.2";
			developmentRegion = English;
			hasScannedForEncodings = 0;
			knownRegions = (
				en,
				Base,
			);
			mainGroup = 17A66E861EA6EBFF00BBB811;
			productRefGroup = 17A66E901EA6EBFF00BBB811 /* Products */;
			projectDirPath = "";
			projectRoot = "";
			targets = (
				17A66E8E1EA6EBFF00BBB811 /* zidonghuadabao */,
				17A66EA71EA6EC0000BBB811 /* zidonghuadabaoTests */,
				17A66EB21EA6EC0000BBB811 /* zidonghuadabaoUITests */,
			);
		};
/* End PBXProject section */

/* Begin PBXResourcesBuildPhase section */
		17A66E8D1EA6EBFF00BBB811 /* Resources */ = {
			isa = PBXResourcesBuildPhase;
			buildActionMask = 2147483647;
			files = (
				17A66EA21EA6EBFF00BBB811 /* LaunchScreen.storyboard in Resources */,
				17A66E9F1EA6EBFF00BBB811 /* Assets.xcassets in Resources */,
				17A66E9D1EA6EBFF00BBB811 /* Main.storyboard in Resources */,
			);
			runOnlyForDeploymentPostprocessing = 0;
		};
		17A66EA61EA6EC0000BBB811 /* Resources */ = {
			isa = PBXResourcesBuildPhase;
			buildActionMask = 2147483647;
			files = (
			);
			runOnlyForDeploymentPostprocessing = 0;
		};
		17A66EB11EA6EC0000BBB811 /* Resources */ = {
			isa = PBXResourcesBuildPhase;
			buildActionMask = 2147483647;
			files = (
			);
			runOnlyForDeploymentPostprocessing = 0;
		};
/* End PBXResourcesBuildPhase section */

/* Begin PBXSourcesBuildPhase section */
		17A66E8B1EA6EBFF00BBB811 /* Sources */ = {
			isa = PBXSourcesBuildPhase;
			buildActionMask = 2147483647;
			files = (
				17A66E9A1EA6EBFF00BBB811 /* ViewController.m in Sources */,
				17A66E971EA6EBFF00BBB811 /* AppDelegate.m in Sources */,
				17A66E941EA6EBFF00BBB811 /* main.m in Sources */,
			);
			runOnlyForDeploymentPostprocessing = 0;
		};
		17A66EA41EA6EC0000BBB811 /* Sources */ = {
			isa = PBXSourcesBuildPhase;
			buildActionMask = 2147483647;
			files = (
				17A66EAD1EA6EC0000BBB811 /* zidonghuadabaoTests.m in Sources */,
			);
			runOnlyForDeploymentPostprocessing = 0;
		};
		17A66EAF1EA6EC0000BBB811 /* Sources */ = {
			isa = PBXSourcesBuildPhase;
			buildActionMask = 2147483647;
			files = (
				17A66EB81EA6EC0000BBB811 /* zidonghuadabaoUITests.m in Sources */,
			);
			runOnlyForDeploymentPostprocessing = 0;
		};
/* End PBXSourcesBuildPhase section */

/* Begin PBXTargetDependency section */
		17A66EAA1EA6EC0000BBB811 /* PBXTargetDependency */ = {
			isa = PBXTargetDependency;
			target = 17A66E8E1EA6EBFF00BBB811 /* zidonghuadabao */;
			targetProxy = 17A66EA91EA6EC0000BBB811 /* PBXContainerItemProxy */;
		};
		17A66EB51EA6EC0000BBB811 /* PBXTargetDependency */ = {
			isa = PBXTargetDependency;
			target = 17A66E8E1EA6EBFF00BBB811 /* zidonghuadabao */;
			targetProxy = 17A66EB41EA6EC0000BBB811 /* PBXContainerItemProxy */;
		};
/* End PBXTargetDependency section */

/* Begin PBXVariantGroup section */
		17A66E9B1EA6EBFF00BBB811 /* Main.storyboard */ = {
			isa = PBXVariantGroup;
			children = (
				17A66E9C1EA6EBFF00BBB811 /* Base */,
			);
			name = Main.storyboard;
			sourceTree = "<group>";
		};
		17A66EA01EA6EBFF00BBB811 /* LaunchScreen.storyboard */ = {
			isa = PBXVariantGroup;
			children = (
				17A66EA11EA6EBFF00BBB811 /* Base */,
			);
			name = LaunchScreen.storyboard;
			sourceTree = "<group>";
		};
/* End PBXVariantGroup section */

/* Begin XCBuildConfiguration section */
		17A66EBA1EA6EC0000BBB811 /* Debug */ = {
			isa = XCBuildConfiguration;
			buildSettings = {
				ALWAYS_SEARCH_USER_PATHS = NO;
				CLANG_ANALYZER_NONNULL = YES;
				CLANG_ANALYZER_NUMBER_OBJECT_CONVERSION = YES_AGGRESSIVE;
				CLANG_CXX_LANGUAGE_STANDARD = "gnu++0x";
				CLANG_CXX_LIBRARY = "libc++";
				CLANG_ENABLE_MODULES = YES;
				CLANG_ENABLE_OBJC_ARC = YES;
				CLANG_WARN_BOOL_CONVERSION = YES;
				CLANG_WARN_CONSTANT_CONVERSION = YES;
				CLANG_WARN_DIRECT_OBJC_ISA_USAGE = YES_ERROR;
				CLANG_WARN_DOCUMENTATION_COMMENTS = YES;
				CLANG_WARN_EMPTY_BODY = YES;
				CLANG_WARN_ENUM_CONVERSION = YES;
				CLANG_WARN_INFINITE_RECURSION = YES;
				CLANG_WARN_INT_CONVERSION = YES;
				CLANG_WARN_OBJC_ROOT_CLASS = YES_ERROR;
				CLANG_WARN_SUSPICIOUS_MOVE = YES;
				CLANG_WARN_UNREACHABLE_CODE = YES;
				CLANG_WARN__DUPLICATE_METHOD_MATCH = YES;
				"CODE_SIGN_IDENTITY[sdk=iphoneos*]" = "iPhone Developer";
				COPY_PHASE_STRIP = NO;
				DEBUG_INFORMATION_FORMAT = dwarf;
				ENABLE_STRICT_OBJC_MSGSEND = YES;
				ENABLE_TESTABILITY = YES;
				GCC_C_LANGUAGE_STANDARD = gnu99;
				GCC_DYNAMIC_NO_PIC = NO;
				GCC_NO_COMMON_BLOCKS = YES;
				GCC_OPTIMIZATION_LEVEL = 0;
				GCC_PREPROCESSOR_DEFINITIONS = (
					"DEBUG=1",
					"$(inherited)",
				);
				GCC_WARN_64_TO_32_BIT_CONVERSION = YES;
				GCC_WARN_ABOUT_RETURN_TYPE = YES_ERROR;
				GCC_WARN_UNDECLARED_SELECTOR = YES;
				GCC_WARN_UNINITIALIZED_AUTOS = YES_AGGRESSIVE;
				GCC_WARN_UNUSED_FUNCTION = YES;
				GCC_WARN_UNUSED_VARIABLE = YES;
				IPHONEOS_DEPLOYMENT_TARGET = 10.3;
				MTL_ENABLE_DEBUG_INFO = YES;
				ONLY_ACTIVE_ARCH = YES;
				SDKROOT = iphoneos;
				TARGETED_DEVICE_FAMILY = "1,2";
			};
			name = Debug;
		};
		17A66EBB1EA6EC0000BBB811 /* Release */ = {
			isa = XCBuildConfiguration;
			buildSettings = {
				ALWAYS_SEARCH_USER_PATHS = NO;
				CLANG_ANALYZER_NONNULL = YES;
				CLANG_ANALYZER_NUMBER_OBJECT_CONVERSION = YES_AGGRESSIVE;
				CLANG_CXX_LANGUAGE_STANDARD = "gnu++0x";
				CLANG_CXX_LIBRARY = "libc++";
				CLANG_ENABLE_MODULES = YES;
				CLANG_ENABLE_OBJC_ARC = YES;
				CLANG_WARN_BOOL_CONVERSION = YES;
				CLANG_WARN_CONSTANT_CONVERSION = YES;
				CLANG_WARN_DIRECT_OBJC_ISA_USAGE = YES_ERROR;
				CLANG_WARN_DOCUMENTATION_COMMENTS = YES;
				CLANG_WARN_EMPTY_BODY = YES;
				CLANG_WARN_ENUM_CONVERSION = YES;
				CLANG_WARN_INFINITE_RECURSION = YES;
				CLANG_WARN_INT_CONVERSION = YES;
				CLANG_WARN_OBJC_ROOT_CLASS = YES_ERROR;
				CLANG_WARN_SUSPICIOUS_MOVE = YES;
				CLANG_WARN_UNREACHABLE_CODE = YES;
				CLANG_WARN__DUPLICATE_METHOD_MATCH = YES;
				"CODE_SIGN_IDENTITY[sdk=iphoneos*]" = "iPhone Developer";
				COPY_PHASE_STRIP = NO;
				DEBUG_INFORMATION_FORMAT = "dwarf-with-dsym";
				ENABLE_NS_ASSERTIONS = NO;
				ENABLE_STRICT_OBJC_MSGSEND = YES;
				GCC_C_LANGUAGE_STANDARD = gnu99;
				GCC_NO_COMMON_BLOCKS = YES;
				GCC_WARN_64_TO_32_BIT_CONVERSION = YES;
				GCC_WARN_ABOUT_RETURN_TYPE = YES_ERROR;
				GCC_WARN_UNDECLARED_SELECTOR = YES;
				GCC_WARN_UNINITIALIZED_AUTOS = YES_AGGRESSIVE;
				GCC_WARN_UNUSED_FUNCTION = YES;
				GCC_WARN_UNUSED_VARIABLE = YES;
				IPHONEOS_DEPLOYMENT_TARGET = 10.3;
				MTL_ENABLE_DEBUG_INFO = NO;
				SDKROOT = iphoneos;
				TARGETED_DEVICE_FAMILY = "1,2";
				VALIDATE_PRODUCT = YES;
			};
			name = Release;
		};
		17A66EBD1EA6EC0000BBB811 /* Debug */ = {
			isa = XCBuildConfiguration;
			buildSettings = {
				ASSETCATALOG_COMPILER_APPICON_NAME = AppIcon;
				"CODE_SIGN_IDENTITY[sdk=iphoneos*]" = "iPhone Distribution";
				DEVELOPMENT_TEAM = 56JAM34B5U;
				INFOPLIST_FILE = zidonghuadabao/Info.plist;
				IPHONEOS_DEPLOYMENT_TARGET = 8.0;
				LD_RUNPATH_SEARCH_PATHS = "$(inherited) @executable_path/Frameworks";
				PRODUCT_BUNDLE_IDENTIFIER = com.zidonghuadabao.cn;
				PRODUCT_NAME = "$(TARGET_NAME)";
				PROVISIONING_PROFILE = "f8a49067-eb1d-423e-8bc0-a6fb1f6a92d8";
				PROVISIONING_PROFILE_SPECIFIER = zidonghuafabu;
			};
			name = Debug;
		};
		17A66EBE1EA6EC0000BBB811 /* Release */ = {
			isa = XCBuildConfiguration;
			buildSettings = {
				ASSETCATALOG_COMPILER_APPICON_NAME = AppIcon;
				"CODE_SIGN_IDENTITY[sdk=iphoneos*]" = "iPhone Distribution: Sum Payment Service CO., LTD. (56JAM34B5U)";
				DEVELOPMENT_TEAM = 56JAM34B5U;
				INFOPLIST_FILE = zidonghuadabao/Info.plist;
				IPHONEOS_DEPLOYMENT_TARGET = 8.0;
				LD_RUNPATH_SEARCH_PATHS = "$(inherited) @executable_path/Frameworks";
				PRODUCT_BUNDLE_IDENTIFIER = com.zidonghuadabao.cn;
				PRODUCT_NAME = "$(TARGET_NAME)";
				PROVISIONING_PROFILE = "e98e1637-664b-474e-b9f3-a5e5e54b1ecb";
				PROVISIONING_PROFILE_SPECIFIER = zidonghuafabu;
			};
			name = Release;
		};
		17A66EC01EA6EC0000BBB811 /* Debug */ = {
			isa = XCBuildConfiguration;
			buildSettings = {
				BUNDLE_LOADER = "$(TEST_HOST)";
				INFOPLIST_FILE = zidonghuadabaoTests/Info.plist;
				LD_RUNPATH_SEARCH_PATHS = "$(inherited) @executable_path/Frameworks @loader_path/Frameworks";
				PRODUCT_BUNDLE_IDENTIFIER = "-23.zidonghuadabaoTests";
				PRODUCT_NAME = "$(TARGET_NAME)";
				TEST_HOST = "$(BUILT_PRODUCTS_DIR)/zidonghuadabao.app/zidonghuadabao";
			};
			name = Debug;
		};
		17A66EC11EA6EC0000BBB811 /* Release */ = {
			isa = XCBuildConfiguration;
			buildSettings = {
				BUNDLE_LOADER = "$(TEST_HOST)";
				INFOPLIST_FILE = zidonghuadabaoTests/Info.plist;
				LD_RUNPATH_SEARCH_PATHS = "$(inherited) @executable_path/Frameworks @loader_path/Frameworks";
				PRODUCT_BUNDLE_IDENTIFIER = "-23.zidonghuadabaoTests";
				PRODUCT_NAME = "$(TARGET_NAME)";
				TEST_HOST = "$(BUILT_PRODUCTS_DIR)/zidonghuadabao.app/zidonghuadabao";
			};
			name = Release;
		};
		17A66EC31EA6EC0000BBB811 /* Debug */ = {
			isa = XCBuildConfiguration;
			buildSettings = {
				INFOPLIST_FILE = zidonghuadabaoUITests/Info.plist;
				LD_RUNPATH_SEARCH_PATHS = "$(inherited) @executable_path/Frameworks @loader_path/Frameworks";
				PRODUCT_BUNDLE_IDENTIFIER = "-23.zidonghuadabaoUITests";
				PRODUCT_NAME = "$(TARGET_NAME)";
				TEST_TARGET_NAME = zidonghuadabao;
			};
			name = Debug;
		};
		17A66EC41EA6EC0000BBB811 /* Release */ = {
			isa = XCBuildConfiguration;
			buildSettings = {
				INFOPLIST_FILE = zidonghuadabaoUITests/Info.plist;
				LD_RUNPATH_SEARCH_PATHS = "$(inherited) @executable_path/Frameworks @loader_path/Frameworks";
				PRODUCT_BUNDLE_IDENTIFIER = "-23.zidonghuadabaoUITests";
				PRODUCT_NAME = "$(TARGET_NAME)";
				TEST_TARGET_NAME = zidonghuadabao;
			};
			name = Release;
		};
/* End XCBuildConfiguration section */

/* Begin XCConfigurationList section */
		17A66E8A1EA6EBFF00BBB811 /* Build configuration list for PBXProject "zidonghuadabao" */ = {
			isa = XCConfigurationList;
			buildConfigurations = (
				17A66EBA1EA6EC0000BBB811 /* Debug */,
				17A66EBB1EA6EC0000BBB811 /* Release */,
			);
			defaultConfigurationIsVisible = 0;
			defaultConfigurationName = Release;
		};
		17A66EBC1EA6EC0000BBB811 /* Build configuration list for PBXNativeTarget "zidonghuadabao" */ = {
			isa = XCConfigurationList;
			buildConfigurations = (
				17A66EBD1EA6EC0000BBB811 /* Debug */,
				17A66EBE1EA6EC0000BBB811 /* Release */,
			);
			defaultConfigurationIsVisible = 0;
			defaultConfigurationName = Release;
		};
		17A66EBF1EA6EC0000BBB811 /* Build configuration list for PBXNativeTarget "zidonghuadabaoTests" */ = {
			isa = XCConfigurationList;
			buildConfigurations = (
				17A66EC01EA6EC0000BBB811 /* Debug */,
				17A66EC11EA6EC0000BBB811 /* Release */,
			);
			defaultConfigurationIsVisible = 0;
			defaultConfigurationName = Release;
		};
		17A66EC21EA6EC0000BBB811 /* Build configuration list for PBXNativeTarget "zidonghuadabaoUITests" */ = {
			isa = XCConfigurationList;
			buildConfigurations = (
				17A66EC31EA6EC0000BBB811 /* Debug */,
				17A66EC41EA6EC0000BBB811 /* Release */,
			);
			defaultConfigurationIsVisible = 0;
			defaultConfigurationName = Release;
		};
/* End XCConfigurationList section */
	};
	rootObject = 17A66E871EA6EBFF00BBB811 /* Project object */;
}
